
Microsoft Visual Studio Solution File, Format Version 12.00
# Visual Studio Version 17
VisualStudioVersion = 17.9.34607.119
MinimumVisualStudioVersion = 10.0.40219.1
Project("{FAE04EC0-301F-11D3-BF4B-00C04F79EFBC}") = "MVCPractice1", "MVCPractice1\MVCPractice1.csproj", "{6368B430-2DA5-41F4-8C57-A8C91E6238C1}"
EndProject
Project("{FAE04EC0-301F-11D3-BF4B-00C04F79EFBC}") = "MVCPractice1.Data", "MVCPractice1.Data\MVCPractice1.Data.csproj", "{18406189-D80F-4859-A4BC-16D2FD61C9CF}"
EndProject
Global
	GlobalSection(SolutionConfigurationPlatforms) = preSolution
		Debug|Any CPU = Debug|Any CPU
		Release|Any CPU = Release|Any CPU
	EndGlobalSection
	GlobalSection(ProjectConfigurationPlatforms) = postSolution
		{6368B430-2DA5-41F4-8C57-A8C91E6238C1}.Debug|Any CPU.ActiveCfg = Debug|Any CPU
		{6368B430-2DA5-41F4-8C57-A8C91E6238C1}.Debug|Any CPU.Build.0 = Debug|Any CPU
		{6368B430-2DA5-41F4-8C57-A8C91E6238C1}.Release|Any CPU.ActiveCfg = Release|Any CPU
		{6368B430-2DA5-41F4-8C57-A8C91E6238C1}.Release|Any CPU.Build.0 = Release|Any CPU
		{18406189-D80F-4859-A4BC-16D2FD61C9CF}.Debug|Any CPU.ActiveCfg = Debug|Any CPU
		{18406189-D80F-4859-A4BC-16D2FD61C9CF}.Debug|Any CPU.Build.0 = Debug|Any CPU
		{18406189-D80F-4859-A4BC-16D2FD61C9CF}.Release|Any CPU.ActiveCfg = Release|Any CPU
		{18406189-D80F-4859-A4BC-16D2FD61C9CF}.Release|Any CPU.Build.0 = Release|Any CPU
	EndGlobalSection
	GlobalSection(SolutionProperties) = preSolution
		HideSolutionNode = FALSE
	EndGlobalSection
	GlobalSection(ExtensibilityGlobals) = postSolution
		SolutionGuid = {958668CB-6981-4B8D-953F-392099EC145A}
	EndGlobalSection
EndGlobal
